github.com/beorn7/perks v1.0.1 h1:VlbKKnNfV8bJzeqoa4cOKqO6bYr3WgKZxO8Z16+hsOM=
github.com/beorn7/perks v1.0.1/go.mod h1:G2ZrVWU2WbWT9wwq4/hrbKbnv/1ERSJQ0ibhJ6rlkpw=
github.com/cespare/xxhash/v2 v2.3.0 h1:UL815xU9SqsFlibzuggzjXhog7bL6oX9BbNZnL2UFvs=
github.com/cespare/xxhash/v2 v2.3.0/go.mod h1:VGX0DQ3Q6kWi7AoAeZDth3/j3BFtOZR5XLFGgcrjCOs=
github.com/davecgh/go-spew v1.1.1 h1:vj9j/u1bqnvCEfJOwUhtlOARqs3+rkHYY13jYWTU97c=
github.com/davecgh/go-spew v1.1.1/go.mod h1:J7Y8YcW2NihsgmVo/mv3lAwl/skON4iLHjSsI+c5H38=
github.com/dustin/go-humanize v1.0.1 h1:GzkhY7T5VNhEkwH0PVJgjz+fX1rhBrR7pRT3mDkpeCY=
github.com/dustin/go-humanize v1.0.1/go.mod h1:Mu1zIs6XwVuF/gI1OepvI0qD18qycQx+mFykh5fBlto=
github.com/golang/protobuf v1.5.4 h1:i7eJL8qZTpSEXOPTxNKhASYpMn+8e5Q6AdndVa1dWek=
github.com/golang/protobuf v1.5.4/go.mod h1:lnTiLA8Wa4RWRcIUkrtSVa5nRhsEGBg48fD6rSs7xps=
github.com/google/go-cmp v0.6.0 h1:ofyhxvXcZhMsU5ulbFiLKl/XBFqE1GSq7atu8tAmTRI=
github.com/google/go-cmp v0.6.0/go.mod h1:17dUlkBOakJ0+DkrSSNjCkIjxS6bF9zb3elmeNGIjoY=
github.com/grafana/pyroscope-go v1.1.1 h1:PQoUU9oWtO3ve/fgIiklYuGilvsm8qaGhlY4Vw6MAcQ=
github.com/grafana/pyroscope-go v1.1.1/go.mod h1:Mw26jU7jsL/KStNSGGuuVYdUq7Qghem5P8aXYXSXG88=
github.com/grafana/pyroscope-go/godeltaprof v0.1.7 h1:C11j63y7gymiW8VugJ9ZW0pWfxTZugdSJyC48olk5KY=
github.com/grafana/pyroscope-go/godeltaprof v0.1.7/go.mod h1:Tk376Nbldo4Cha9RgiU7ik8WKFkNpfds98aUzS8omLE=
github.com/klauspost/compress v1.17.3/go.mod h1:/dCuZOvVtNoHsyb+cuJD3itjs3NbnF6KH9zAO4BDxPM=
github.com/klauspost/compress v1.17.9 h1:6KIumPrER1LHsvBVuDa0r5xaG0Es51mhhB9BQB2qeMA=
github.com/klauspost/compress v1.17.9/go.mod h1:Di0epgTjJY877eYKx5yC51cX2A2Vl2ibi7bDH9ttBbw=
github.com/kr/pretty v0.3.1 h1:flRD4NNwYAUpkphVc1HcthR4KEIFJ65n8Mw5qdRn3LE=
github.com/kr/pretty v0.3.1/go.mod h1:hoEshYVHaxMs3cyo3Yncou5ZscifuDolrwPKZanG3xk=
github.com/kr/text v0.2.0 h1:5Nx0Ya0ZqY2ygV366QzturHI13Jq95ApcVaJBhpS+AY=
github.com/kr/text v0.2.0/go.mod h1:eLer722TekiGuMkidMxC/pM04lWEeraHUUmBw8l2grE=
github.com/lib/pq v1.10.9 h1:YXG7RB+JIjhP29X+OtkiDnYaXQwpS4JEWq7dtCCRUEw=
github.com/lib/pq v1.10.9/go.mod h1:AlVN5x4E4T544tWzH6hKfbfQvm3HdbOxrmggDNAPY9o=
github.com/munnerz/goautoneg v0.0.0-20191010083416-a7dc8b61c822 h1:C3w9PqII01/Oq1c1nUAm88MOHcQC9l5mIlSMApZMrHA=
github.com/munnerz/goautoneg v0.0.0-20191010083416-a7dc8b61c822/go.mod h1:+n7T8mK8HuQTcFwEeznm/DIxMOiR9yIdICNftLE1DvQ=
github.com/prometheus/client_golang v1.19.1 h1:wZWJDwK+NameRJuPGDhlnFgx8e8HN3XHQeLaYJFJBOE=
github.com/prometheus/client_golang v1.19.1/go.mod h1:mP78NwGzrVks5S2H6ab8+ZZGJLZUq1hoULYBAYBw1Ho=
github.com/prometheus/client_model v0.6.1 h1:ZKSh/rekM+n3CeS952MLRAdFwIKqeY8b62p8ais2e9E=
github.com/prometheus/client_model v0.6.1/go.mod h1:OrxVMOVHjw3lKMa8+x6HeMGkHMQyHDk9E3jmP2AmGiY=
github.com/prometheus/common v0.55.0 h1:KEi6DK7lXW/m7Ig5i47x0vRzuBsHuvJdi5ee6Y3G1dc=
github.com/prometheus/common v0.55.0/go.mod h1:2SECS4xJG1kd8XF9IcM1gMX6510RAEL65zxzNImwdc8=
github.com/prometheus/procfs v0.15.1 h1:YagwOFzUgYfKKHX6Dr+sHT7km/hxC76UB0learggepc=
github.com/prometheus/procfs v0.15.1/go.mod h1:fB45yRUv8NstnjriLhBQLuOUt+WW4BsoGhij/e3PBqk=
github.com/rogpeppe/go-internal v1.10.0 h1:TMyTOH3F/DB16zRVcYyreMH6GnZZrwQVAoYjRBZyWFQ=
github.com/rogpeppe/go-internal v1.10.0/go.mod h1:UQnix2H7Ngw/k4C5ijL5+65zddjncjaFoBhdsK/akog=
golang.conradwood.net/apis/auth v1.1.2996 h1:sD6kWalbOIPY7dsNErjsmlYRsi2GM/i43XfrdWh0eHk=
golang.conradwood.net/apis/auth v1.1.2996/go.mod h1:1g8leeEgt4VW8C+PYEgxnHI0KTbC/5mesGrUa+BHKjM=
golang.conradwood.net/apis/autodeployer v1.1.2996 h1:ycKBranjAb6mOjf3Eb4mDL0rn2Rfp9ejhkIgRCUHAU0=
golang.conradwood.net/apis/autodeployer v1.1.2996/go.mod h1:VLhx/ogPEtZpQS44j3IBzjUuJ0SDNkhBKXCMZDRw43A=
golang.conradwood.net/apis/common v1.1.2996 h1:14JVjhzs/WYrUFAHhbbcYwd0LWLYVlXXJklCynFCy98=
golang.conradwood.net/apis/common v1.1.2996/go.mod h1:yTPJawUXM3E018LZeFrJWtjSn4imQ4YaXZQJil4Hy2s=
golang.conradwood.net/apis/deploymonkey v1.1.2996 h1:8kJRNYE1o6Q6D9khMTt9rXc6M0VqAsBk+IOQguiG8iY=
golang.conradwood.net/apis/deploymonkey v1.1.2996/go.mod h1:9i3NsQTuSI0PpahI/AuuwFu0ZE8QDMKZHLlH/hBrdAM=
golang.conradwood.net/apis/echoservice v1.1.2996 h1:pYypRuuUDKe569tYrnBitalmH2DaMzkI1A6+QF70SL0=
golang.conradwood.net/apis/echoservice v1.1.2996/go.mod h1:AA1wr/UZ5146o57I8G+FuOcLHgjJ+ZCfjvBvgahAWpk=
golang.conradwood.net/apis/errorlogger v1.1.2996 h1:w3B2836uAGJK45vzpEOiUoSyMIReOuqHiF4WJNpbfJg=
golang.conradwood.net/apis/errorlogger v1.1.2996/go.mod h1:0rbfSnZTVRVP+fbjg5pPQhZyVgnrWw0+r8hUb3FwI0k=
golang.conradwood.net/apis/framework v1.1.2996 h1:rWE44AdWFMioPT5MPqU13zvpjOWXkQjlYUs8ddmbC6w=
golang.conradwood.net/apis/framework v1.1.2996/go.mod h1:VcDb21mDSMDOLbO+T0NN7yqX3O5tkFAbpNNxmsO8ReA=
golang.conradwood.net/apis/goeasyops v1.1.2996 h1:iSTHN6nBpjB8pG+M7mdY/akEY2m1b9VNRITWRM5G3pw=
golang.conradwood.net/apis/goeasyops v1.1.2996/go.mod h1:PjapXnlvVeAUUnfqpfwljupVC6fRDYOoWf6B81cAwVY=
golang.conradwood.net/apis/grafanadata v1.1.2996 h1:wKftrVx2sNYIslM8TiwjjFeUYiBy0pYiQpp6MKdBJuQ=
golang.conradwood.net/apis/grafanadata v1.1.2996/go.mod h1:kyuiJu3Ec+i4eqySuHHNTUhHOnqX2VtHXal5Deqqt+k=
golang.conradwood.net/apis/h2gproxy v1.1.2996 h1:ovrq8OulpuPeLZkbry3TNiKonQZQxc4MjJLhZGSxI9I=
golang.conradwood.net/apis/h2gproxy v1.1.2996/go.mod h1:5IpN1I35RgyuzD8rGPUvX9mE1EkZXwFgHuscAsZ4OaY=
golang.conradwood.net/apis/ipmanager v1.1.2996 h1:2xEWJL+7tpFB0gabKC/dlRaWOPx8xm/x6bVsA8nYG64=
golang.conradwood.net/apis/ipmanager v1.1.2996/go.mod h1:GFcYf4embKIf9Y4sdpJBVgMk+dRgF/LNX0fL1wqmf6s=
golang.conradwood.net/apis/objectauth v1.1.2996 h1:1BUV28WTBEpLxc2EJ9ivtBUzYncuMsMCrRynlyYYZhE=
golang.conradwood.net/apis/objectauth v1.1.2996/go.mod h1:c/nTKs/Lv7oG53ae65yJ+XA2rYIac7pPPnoo+0/KPDw=
golang.conradwood.net/apis/objectstore v1.1.2996 h1:kUnK6dkcUBbJDhIc5s2UBypzjLLWASYlUt/8ubzsmmI=
golang.conradwood.net/apis/objectstore v1.1.2996/go.mod h1:/NG7pPmo2SjcZzyWxohdNzcRqgBqIeb36N+r3zu1f0w=
golang.conradwood.net/apis/protorenderer v1.1.2996 h1:qELmkaY7Me9yhN9VigH/n1RPTR3LNUtYQPfQO3Iq6wI=
golang.conradwood.net/apis/protorenderer v1.1.2996/go.mod h1:/GjDxpFVFYo3xlo50z1hudiTfSuBI7VaEeg1m+UrzWc=
golang.conradwood.net/apis/registry v1.1.2996 h1:bRZ8Sw/2RPwSqwJOjlv70mUKMyxtV4OgEcEIhLYpGxg=
golang.conradwood.net/apis/registry v1.1.2996/go.mod h1:tOWpTKCG75N3agPM3ZjU32eib4RIaukVUALUpXnSR9E=
golang.conradwood.net/go-easyops v0.1.28515 h1:IUE71HRftS2k6HgUcTVVPOPLYEGlaM7gwFUsUxMzLmo=
golang.conradwood.net/go-easyops v0.1.28515/go.mod h1:02KmReDa6G8sTKCcP6Wc8mhh4FVVDgDVNqDBDzvEtn4=
golang.org/x/net v0.28.0 h1:a9JDOJc5GMUJ0+UDqmLT86WiEy7iWyIhz8gz8E4e5hE=
golang.org/x/net v0.28.0/go.mod h1:yqtgsTWOOnlGLG9GFRrK3++bGOUEkNBoHZc8MEDWPNg=
golang.org/x/sys v0.24.0 h1:Twjiwq9dn6R1fQcyiK+wQyHWfaz/BJB+YIpzU/Cv3Xg=
golang.org/x/sys v0.24.0/go.mod h1:/VUhepiaJMQUp4+oa/7Zr1D23ma6VTLIYjOOTFZPUcA=
golang.org/x/text v0.17.0 h1:XtiM5bkSOt+ewxlOE/aE/AKEHibwj/6gvWMl9Rsh0Qc=
golang.org/x/text v0.17.0/go.mod h1:BuEKDfySbSR4drPmRPG/7iBdf8hvFMuRexcpahXilzY=
golang.yacloud.eu/apis/autodeployer2 v1.1.2996 h1:mSVOW+Q9ZgJ6BSAmXIN2VTNWuYEc2VARD6TiiWl6JpA=
golang.yacloud.eu/apis/autodeployer2 v1.1.2996/go.mod h1:SWcb8XHbKj3biitZKAz4Bm7zLcnmUJ4Ky9K0odCYEVM=
golang.yacloud.eu/apis/fscache v1.1.2996 h1:EJxwe7WcxnSBli8QAS5wHVIr+sgAtHVr0eiUtRwFe34=
golang.yacloud.eu/apis/fscache v1.1.2996/go.mod h1:EmbhKHY4Z2NspQwEtHnYjuBo018EFUQTdgAP5ed3LDk=
golang.yacloud.eu/apis/protomanager v1.1.2996 h1:xwqXF1USOT2iIc1JPETHDgs4a1o4eloauwG/ljE7BZk=
golang.yacloud.eu/apis/protomanager v1.1.2996/go.mod h1:M6vlfRyvduAEub3Ykws0yNW1YTTiS7Q5X/cL3O4Fp7o=
golang.yacloud.eu/apis/session v1.1.2996 h1:PssjRQpFsxVEmOSk0QTQDc/z6Tz//NNHKo3ceAP5OK0=
golang.yacloud.eu/apis/session v1.1.2996/go.mod h1:HpcgzfiXMKH6FEDKKBU3OvNLBsNtTJjg8F/8aweefLs=
golang.yacloud.eu/apis/unixipc v1.1.2996 h1:rPPjJKBhirLsdKNjewc99fzUpwqK6YChqKCfaZ2VVcw=
golang.yacloud.eu/apis/unixipc v1.1.2996/go.mod h1:cq4DD5Pg1CH9+csxGzfjNH7a9OiZ8Hrpo+GBoUkmy5U=
golang.yacloud.eu/apis/urlcacher v1.1.2996 h1:1iM/unS/JQllIwryWD4/Wq5cgbdQDV5GWfh1PROvsK8=
golang.yacloud.eu/apis/urlcacher v1.1.2996/go.mod h1:FSFa/EmiAPiIq8O6WHXNXOsFMeckwds3a2jAcnwB23k=
golang.yacloud.eu/unixipc v0.1.26852 h1:bKxdKQVBTcuzgPuUv0ZUHui44Ys3KY+gOBTQ5m5S60s=
golang.yacloud.eu/unixipc v0.1.26852/go.mod h1:BboKEBCyQzeXbtXowwSLV9U+wI32wq49ZVs72+uO/ZI=
google.golang.org/genproto/googleapis/rpc v0.0.0-20240528184218-531527333157 h1:Zy9XzmMEflZ/MAaA7vNcoebnRAld7FsPW1EeBB7V0m8=
google.golang.org/genproto/googleapis/rpc v0.0.0-20240528184218-531527333157/go.mod h1:EfXuqaE1J41VCDicxHzUDm+8rk+7ZdXzHV0IhO/I6s0=
google.golang.org/grpc v1.65.0 h1:bs/cUb4lp1G5iImFFd3u5ixQzweKizoZJAwBNLR42lc=
google.golang.org/grpc v1.65.0/go.mod h1:WgYC2ypjlB0EiQi6wdKixMqukr6lBc0Vo+oOgjrM5ZQ=
google.golang.org/protobuf v1.34.2 h1:6xV6lTsCfpGD21XK49h7MhtcApnLqkfYgPcdHftf6hg=
google.golang.org/protobuf v1.34.2/go.mod h1:qYOHts0dSfpeUzUFpOMr/WGzszTmLH+DiWniOlNbLDw=
gopkg.in/check.v1 v0.0.0-20161208181325-20d25e280405/go.mod h1:Co6ibVJAznAaIkqp8huTwlJQCZ016jof/cbN4VW5Yz0=
gopkg.in/check.v1 v1.0.0-20201130134442-10cb98267c6c h1:Hei/4ADfdWqJk1ZMxUNpqntNwaWcugrBjAiHlqqRiVk=
gopkg.in/check.v1 v1.0.0-20201130134442-10cb98267c6c/go.mod h1:JHkPIbrfpd72SG/EVd6muEfDQjcINNoR0C8j2r3qZ4Q=
gopkg.in/yaml.v2 v2.4.0 h1:D8xgwECY7CYvx+Y2n4sBz93Jn9JRvxdiyyo8CTfuKaY=
gopkg.in/yaml.v2 v2.4.0/go.mod h1:RDklbk79AGWmwhnvt/jBztapEOGDOx6ZbXqjP6csGnQ=
gopkg.in/yaml.v3 v3.0.1 h1:fxVm/GzAzEWqLHuvctI91KS9hhNmmWOoWu0XTYJS7CA=
gopkg.in/yaml.v3 v3.0.1/go.mod h1:K4uyk7z7BCEPqu6E+C64Yfv1cQ7kz7rIZviUmN+EgEM=
