github.com/beorn7/perks v1.0.1 h1:VlbKKnNfV8bJzeqoa4cOKqO6bYr3WgKZxO8Z16+hsOM=
github.com/beorn7/perks v1.0.1/go.mod h1:G2ZrVWU2WbWT9wwq4/hrbKbnv/1ERSJQ0ibhJ6rlkpw=
github.com/cespare/xxhash/v2 v2.3.0 h1:UL815xU9SqsFlibzuggzjXhog7bL6oX9BbNZnL2UFvs=
github.com/cespare/xxhash/v2 v2.3.0/go.mod h1:VGX0DQ3Q6kWi7AoAeZDth3/j3BFtOZR5XLFGgcrjCOs=
github.com/davecgh/go-spew v1.1.1 h1:vj9j/u1bqnvCEfJOwUhtlOARqs3+rkHYY13jYWTU97c=
github.com/davecgh/go-spew v1.1.1/go.mod h1:J7Y8YcW2NihsgmVo/mv3lAwl/skON4iLHjSsI+c5H38=
github.com/dustin/go-humanize v1.0.1 h1:GzkhY7T5VNhEkwH0PVJgjz+fX1rhBrR7pRT3mDkpeCY=
github.com/dustin/go-humanize v1.0.1/go.mod h1:Mu1zIs6XwVuF/gI1OepvI0qD18qycQx+mFykh5fBlto=
github.com/golang/protobuf v1.5.4 h1:i7eJL8qZTpSEXOPTxNKhASYpMn+8e5Q6AdndVa1dWek=
github.com/golang/protobuf v1.5.4/go.mod h1:lnTiLA8Wa4RWRcIUkrtSVa5nRhsEGBg48fD6rSs7xps=
github.com/google/go-cmp v0.6.0 h1:ofyhxvXcZhMsU5ulbFiLKl/XBFqE1GSq7atu8tAmTRI=
github.com/google/go-cmp v0.6.0/go.mod h1:17dUlkBOakJ0+DkrSSNjCkIjxS6bF9zb3elmeNGIjoY=
github.com/grafana/pyroscope-go v1.1.1 h1:PQoUU9oWtO3ve/fgIiklYuGilvsm8qaGhlY4Vw6MAcQ=
github.com/grafana/pyroscope-go v1.1.1/go.mod h1:Mw26jU7jsL/KStNSGGuuVYdUq7Qghem5P8aXYXSXG88=
github.com/grafana/pyroscope-go/godeltaprof v0.1.7 h1:C11j63y7gymiW8VugJ9ZW0pWfxTZugdSJyC48olk5KY=
github.com/grafana/pyroscope-go/godeltaprof v0.1.7/go.mod h1:Tk376Nbldo4Cha9RgiU7ik8WKFkNpfds98aUzS8omLE=
github.com/klauspost/compress v1.17.3/go.mod h1:/dCuZOvVtNoHsyb+cuJD3itjs3NbnF6KH9zAO4BDxPM=
github.com/klauspost/compress v1.17.7 h1:ehO88t2UGzQK66LMdE8tibEd1ErmzZjNEqWkjLAKQQg=
github.com/klauspost/compress v1.17.7/go.mod h1:Di0epgTjJY877eYKx5yC51cX2A2Vl2ibi7bDH9ttBbw=
github.com/klauspost/compress v1.17.9 h1:6KIumPrER1LHsvBVuDa0r5xaG0Es51mhhB9BQB2qeMA=
github.com/klauspost/compress v1.17.9/go.mod h1:Di0epgTjJY877eYKx5yC51cX2A2Vl2ibi7bDH9ttBbw=
github.com/kr/pretty v0.3.1 h1:flRD4NNwYAUpkphVc1HcthR4KEIFJ65n8Mw5qdRn3LE=
github.com/kr/pretty v0.3.1/go.mod h1:hoEshYVHaxMs3cyo3Yncou5ZscifuDolrwPKZanG3xk=
github.com/kr/text v0.2.0 h1:5Nx0Ya0ZqY2ygV366QzturHI13Jq95ApcVaJBhpS+AY=
github.com/kr/text v0.2.0/go.mod h1:eLer722TekiGuMkidMxC/pM04lWEeraHUUmBw8l2grE=
github.com/lib/pq v1.10.9 h1:YXG7RB+JIjhP29X+OtkiDnYaXQwpS4JEWq7dtCCRUEw=
github.com/lib/pq v1.10.9/go.mod h1:AlVN5x4E4T544tWzH6hKfbfQvm3HdbOxrmggDNAPY9o=
github.com/munnerz/goautoneg v0.0.0-20191010083416-a7dc8b61c822 h1:C3w9PqII01/Oq1c1nUAm88MOHcQC9l5mIlSMApZMrHA=
github.com/munnerz/goautoneg v0.0.0-20191010083416-a7dc8b61c822/go.mod h1:+n7T8mK8HuQTcFwEeznm/DIxMOiR9yIdICNftLE1DvQ=
github.com/prometheus/client_golang v1.19.0 h1:ygXvpU1AoN1MhdzckN+PyD9QJOSD4x7kmXYlnfbA6JU=
github.com/prometheus/client_golang v1.19.0/go.mod h1:ZRM9uEAypZakd+q/x7+gmsvXdURP+DABIEIjnmDdp+k=
github.com/prometheus/client_golang v1.19.1 h1:wZWJDwK+NameRJuPGDhlnFgx8e8HN3XHQeLaYJFJBOE=
github.com/prometheus/client_golang v1.19.1/go.mod h1:mP78NwGzrVks5S2H6ab8+ZZGJLZUq1hoULYBAYBw1Ho=
github.com/prometheus/client_model v0.6.0 h1:k1v3CzpSRUTrKMppY35TLwPvxHqBu0bYgxZzqGIgaos=
github.com/prometheus/client_model v0.6.0/go.mod h1:NTQHnmxFpouOD0DpvP4XujX3CdOAGQPoaGhyTchlyt8=
github.com/prometheus/client_model v0.6.1 h1:ZKSh/rekM+n3CeS952MLRAdFwIKqeY8b62p8ais2e9E=
github.com/prometheus/client_model v0.6.1/go.mod h1:OrxVMOVHjw3lKMa8+x6HeMGkHMQyHDk9E3jmP2AmGiY=
github.com/prometheus/common v0.50.0 h1:YSZE6aa9+luNa2da6/Tik0q0A5AbR+U003TItK57CPQ=
github.com/prometheus/common v0.50.0/go.mod h1:wHFBCEVWVmHMUpg7pYcOm2QUR/ocQdYSJVQJKnHc3xQ=
github.com/prometheus/common v0.55.0 h1:KEi6DK7lXW/m7Ig5i47x0vRzuBsHuvJdi5ee6Y3G1dc=
github.com/prometheus/common v0.55.0/go.mod h1:2SECS4xJG1kd8XF9IcM1gMX6510RAEL65zxzNImwdc8=
github.com/prometheus/procfs v0.13.0 h1:GqzLlQyfsPbaEHaQkO7tbDlriv/4o5Hudv6OXHGKX7o=
github.com/prometheus/procfs v0.13.0/go.mod h1:cd4PFCR54QLnGKPaKGA6l+cfuNXtht43ZKY6tow0Y1g=
github.com/prometheus/procfs v0.15.1 h1:YagwOFzUgYfKKHX6Dr+sHT7km/hxC76UB0learggepc=
github.com/prometheus/procfs v0.15.1/go.mod h1:fB45yRUv8NstnjriLhBQLuOUt+WW4BsoGhij/e3PBqk=
github.com/rogpeppe/go-internal v1.10.0 h1:TMyTOH3F/DB16zRVcYyreMH6GnZZrwQVAoYjRBZyWFQ=
github.com/rogpeppe/go-internal v1.10.0/go.mod h1:UQnix2H7Ngw/k4C5ijL5+65zddjncjaFoBhdsK/akog=
golang.conradwood.net/apis/auth v1.1.2956 h1:D0jDYHj0A+SchRfhcCCVu9oOweDo6t1w9gFGJqjzGkQ=
golang.conradwood.net/apis/auth v1.1.2956/go.mod h1:hCgF/VXlykX9jGMrpoQ9/EHzX+7anwAklyp7Y+AywjM=
golang.conradwood.net/apis/auth v1.1.2990 h1:spasi66D6sc+7ZlAgivwejVyLdh8BDuvdCH4e8cn+SM=
golang.conradwood.net/apis/auth v1.1.2990/go.mod h1:geL7TYwiUrd6lRML/Zl+L41WP3+qQ+nbk7dOSoM+tMM=
golang.conradwood.net/apis/auth v1.1.2995 h1:QMgvBHhVN7rt/tDQZQ+Htom9FmoezhDsSHLO8dNEaxg=
golang.conradwood.net/apis/auth v1.1.2995/go.mod h1:/BNvVRZ2YHLnlg9HoFe0aLAczN6HEPYTabBfmhkHpG0=
golang.conradwood.net/apis/autodeployer v1.1.2878 h1:CL0Afk1bzD+WJGtky/yS/imRNJgznX0zOonGamCFBzU=
golang.conradwood.net/apis/autodeployer v1.1.2878/go.mod h1:ItqDh5eJSCoz3x03guJhz15CngVCICZEfx481UBEIss=
golang.conradwood.net/apis/autodeployer v1.1.2990 h1:LLJU1tUQz4IcI2nOQbP+HxWTnq+zgfzBCL8Yt9OsxEk=
golang.conradwood.net/apis/autodeployer v1.1.2990/go.mod h1:0tkXN9I92IWiacPSn6M7YZo21CyAB39YCP5HqYWLP6U=
golang.conradwood.net/apis/autodeployer v1.1.2995 h1:pVTpa2eAM5/rDP3usW3rkZY04OQT7HjqZZcfQk4h2tI=
golang.conradwood.net/apis/autodeployer v1.1.2995/go.mod h1:sd6Tm+F5XC8Nh+5kOZUhjOxQ/3rWooHSpStAmtNFwiQ=
golang.conradwood.net/apis/common v1.1.2956 h1:9oG1wFXNstuinhTC1+Ee1OVvUCDAwxKV0qPtlR04Z1s=
golang.conradwood.net/apis/common v1.1.2956/go.mod h1:u39i1HLmvAttAZs+2Eq3ckoyI2kjbKPz2r3GaLgI2wo=
golang.conradwood.net/apis/common v1.1.2990 h1:lwOTNGzSfEoHNEKy+tMxuNIwX2PXaHAt/nF3j3xEc/E=
golang.conradwood.net/apis/common v1.1.2990/go.mod h1:3ba0bW4BCSe8HQlfBs7F8tHFkgb1GUVKV7RVFonAP4I=
golang.conradwood.net/apis/common v1.1.2995 h1:9nG7E8k60GPGpWsOM4TO3ppwSl9BZjviftwSbzS6pVQ=
golang.conradwood.net/apis/common v1.1.2995/go.mod h1:nZRPTvz4F9OMtZnzPj/NHIgTOhfYWcabLCIo/3vqV2M=
golang.conradwood.net/apis/deploymonkey v1.1.2878 h1:OujzzACjmaaUGTStr47cDK3KPsmfHKBMB11zixorJZ8=
golang.conradwood.net/apis/deploymonkey v1.1.2878/go.mod h1:VveseNFcZXvklOkO+LGf7a/cCP2hZwRgbc95GnDD+WQ=
golang.conradwood.net/apis/deploymonkey v1.1.2990 h1:8tpJCUELdvvDeRDcrAytBJ42n8PFxYAsFtdBLAJAt2Q=
golang.conradwood.net/apis/deploymonkey v1.1.2990/go.mod h1:IM4VEuEIrLXz8VLZAIQeZnXRLaxDqeb4a6xjreIBuac=
golang.conradwood.net/apis/deploymonkey v1.1.2995 h1:JNoTF1S3CjT5ZlPZ7R67ZbY6zDZ0nx6kaYdYKJQmjRI=
golang.conradwood.net/apis/deploymonkey v1.1.2995/go.mod h1:R65UGGqjwYIf5UCNKhjgvm8jakrsHZofRRDoXly9wZY=
golang.conradwood.net/apis/echoservice v1.1.2878 h1:pXlYYXI47B67NqiuFtBI2reM6WDWkT7XrChrOSJR0+E=
golang.conradwood.net/apis/echoservice v1.1.2878/go.mod h1:kxCrozijz8uGBRVr6c6PhtqzKek2l1cPxx2h5evK+yA=
golang.conradwood.net/apis/echoservice v1.1.2990 h1:vitKVp90FshV1C2wgqtKbFToOi8z2auM2Ltdd5gjBro=
golang.conradwood.net/apis/echoservice v1.1.2990/go.mod h1:5SVU/WvzAfi4HTZvTs+MzfaPeHL2govAmKX40e1A7sM=
golang.conradwood.net/apis/errorlogger v1.1.2878 h1:hY3+bZnKygUfg4/DmGfkxrqRyNfW+j2otsE6kNnvICM=
golang.conradwood.net/apis/errorlogger v1.1.2878/go.mod h1:fOyCPOYYx+qd535dwcLvcw8x1LRiO/4ocQ4IGScgVw4=
golang.conradwood.net/apis/errorlogger v1.1.2990 h1:fqc66KuYW5a0yvk4Ia4jhlgkGM6K3Sw/kouiO0lHhfM=
golang.conradwood.net/apis/errorlogger v1.1.2990/go.mod h1:OU9iDtQs7CODuToOinJBL6GdoYav/BkOjLMVIklk1EA=
golang.conradwood.net/apis/framework v1.1.2878 h1:7xRD2X9oB5/R/ViA/VSFUsg/Pdb8MSZT9Ant/cq1OEs=
golang.conradwood.net/apis/framework v1.1.2878/go.mod h1:LSeiDLqpKrtZz54UfAEUu+Yr4ifX0DvCl3bHizk65yA=
golang.conradwood.net/apis/framework v1.1.2990 h1:iwB97LP9VobHUcCDtZBNKL3Br3uBnW3MlftP1viiQok=
golang.conradwood.net/apis/framework v1.1.2990/go.mod h1:2EdkuLFTAyxIdFRraXshW6HMKO80Jm/fwmgToSchtUQ=
golang.conradwood.net/apis/framework v1.1.2995 h1:VmC55ivFqaj9z5xelhFfcHoVLAU0lDo5ZDf3pLWlXeM=
golang.conradwood.net/apis/framework v1.1.2995/go.mod h1:sOuTm801+uRMxjibYJyz290D9KGRZjsIUKOYjdJze9s=
golang.conradwood.net/apis/goeasyops v1.1.2956 h1:HQ+QQ1UnLq7Ch16Iy1OSsWFotTZbEy6RdixsiwdYazc=
golang.conradwood.net/apis/goeasyops v1.1.2956/go.mod h1:GKYIZ4qzrii784aSpbic1sf1/VF/vF2KfZMLjnXcprI=
golang.conradwood.net/apis/goeasyops v1.1.2990 h1:GHkynupCYGKMx4jUeLGMHa5d1N2UBxRIIspbR8tS2o4=
golang.conradwood.net/apis/goeasyops v1.1.2990/go.mod h1:jQu/qXJwPh20ey/uLB+BiuPzel7C0i+5NA1pi4mM6dk=
golang.conradwood.net/apis/goeasyops v1.1.2995 h1:rBA2AoJzw9jq8KxXCvpzJ5oljBVpPTd7uJVqSts3Q34=
golang.conradwood.net/apis/goeasyops v1.1.2995/go.mod h1:AJy2K+r5LfAYlaWYY9o7/1MV1ij3RvmKluhbNupzJzw=
golang.conradwood.net/apis/grafanadata v1.1.2878 h1:uK/nW3LFgAHQ4hx+VBvMi7ee9TiTVbp8QPA3q5GcQT4=
golang.conradwood.net/apis/grafanadata v1.1.2878/go.mod h1:XgOi/IjxhzKqjidfleuLT9zUdmLMFUO3MxMRXloYooE=
golang.conradwood.net/apis/grafanadata v1.1.2990 h1:7nxp61It+gXmRn1wwk0RWdN45fRdbS05AO5DfQUWalo=
golang.conradwood.net/apis/grafanadata v1.1.2990/go.mod h1:PeUP+8B2MAEfLOGJ7Iii7CLH+pWhNFi02bRtONp4Zng=
golang.conradwood.net/apis/grafanadata v1.1.2995 h1:2niI/gwg0RwXLQqo+hMsoX7loeg8eZF7obwCzLK1VbE=
golang.conradwood.net/apis/grafanadata v1.1.2995/go.mod h1:6uEvFiD/FlXAwVqgv0fLJ3fLA1xoZXrpwf4uVr1gJWE=
golang.conradwood.net/apis/h2gproxy v1.1.2643 h1:lteiW0J/piovcOLjWZgQQnwmfQsgtRmN7jBlB8AmbuE=
golang.conradwood.net/apis/h2gproxy v1.1.2643/go.mod h1:qTG2sYOdMpPjNuhYPCpDlJ3DDfmrO2l4TzIplSW+BsE=
golang.conradwood.net/apis/h2gproxy v1.1.2990 h1:lAaUZRG9Vatk4xQWR6V8mlU/59RC+KY6LBb91BV4CPg=
golang.conradwood.net/apis/h2gproxy v1.1.2990/go.mod h1:aEfwT+5p8Un+ZyjAIN9PElJ+MeMcUED1eiij18byo4g=
golang.conradwood.net/apis/ipmanager v1.1.2643 h1:zXBgnmIWYrRpmsELfGcEsqsdPIfL0Sz9Ne0TvJ1l/vk=
golang.conradwood.net/apis/ipmanager v1.1.2643/go.mod h1:RIrtUVZxqMOPCv2/C2tyUNQUr5Gt73J3RY2hr2HpUpI=
golang.conradwood.net/apis/ipmanager v1.1.2990 h1:tPbGvuIz/WxlELOjYSIZ5P6hww/zeVMDyhLHOtwzcrc=
golang.conradwood.net/apis/ipmanager v1.1.2990/go.mod h1:MVrjAMdq3ii5l82lDFZzzQYb/NNRQDcsvoN4p6JDdoc=
golang.conradwood.net/apis/objectauth v1.1.2643 h1:AIotW0whwaFjscBxuie0/Qo2dH1S5xNNg4vW9KePzSw=
golang.conradwood.net/apis/objectauth v1.1.2643/go.mod h1:HspYKKHpXUqoytS95pBGwDlTEUIPm0SRUPB7Bm+j2Sc=
golang.conradwood.net/apis/objectauth v1.1.2990 h1:vCf4q/1RZAg8Xy0MqLaw0+bTgw1NkzoMyhoH0zaxoMA=
golang.conradwood.net/apis/objectauth v1.1.2990/go.mod h1:4Bd6nFJVJolkpzXU2Oq1i2EQL2K/0WTD1Z1sWMgfyZ8=
golang.conradwood.net/apis/objectstore v1.1.2878 h1:uHE3diGOG4dR3zxrwaraujARD6egM3RG4pfUFmiKRD0=
golang.conradwood.net/apis/objectstore v1.1.2878/go.mod h1:7Ga27/IWzMUdD4w3j7oK/5OXWeuLTMTZNgNxjbBNshM=
golang.conradwood.net/apis/objectstore v1.1.2990 h1:CISmJzZaJiXLARCkOkQBbDJPLDS92pAs1icN48cER7U=
golang.conradwood.net/apis/objectstore v1.1.2990/go.mod h1:CXFb2yFZSyb8NAItlT+q3KwOL0SYhQZ7FPa/TR53W4o=
golang.conradwood.net/apis/objectstore v1.1.2995 h1:8cxFVvgAeo7SerdcdqGWQYaiE7BuT4H1cUAcW2+JlkE=
golang.conradwood.net/apis/objectstore v1.1.2995/go.mod h1:dmir/hz28d4sDxd/5qolNSdUsEg+iW4DT8vAG7HJ78c=
golang.conradwood.net/apis/protorenderer v1.1.2643 h1:gFkP04oRZea+aXx2TIRgCzLAtfF/m+12uBdAj8ajSTU=
golang.conradwood.net/apis/protorenderer v1.1.2643/go.mod h1:v+DLyYsPFXf4wh9ce954lXAnO5+MuX9HL1oaMVZEZCc=
golang.conradwood.net/apis/protorenderer v1.1.2990 h1:jvncUzEI5n1hbj28O01pq/vlh5zejblgDpOWMNCwOBs=
golang.conradwood.net/apis/protorenderer v1.1.2990/go.mod h1:Pa+DxX2enFwIk9GrV93xV0il6cmOYPMbK29wA7t2ayU=
golang.conradwood.net/apis/registry v1.1.2878 h1:gJnrAPtDrKxOckNcYpdDKSklySXTELUL0VWNUTps9lk=
golang.conradwood.net/apis/registry v1.1.2878/go.mod h1:Jtwxs70OWCxJQl5BdAKu4ZbeVbmjS/3qQ6gn1YVFtdk=
golang.conradwood.net/apis/registry v1.1.2990 h1:KXG1H3YDZYBAxuMu4bFJiRBMXUreeM08kOlEHSvHjnY=
golang.conradwood.net/apis/registry v1.1.2990/go.mod h1:YHl4X5yv79w3JoNzf8NO2LbqL6ykBIDoVU+1GrK7IFk=
golang.conradwood.net/apis/registry v1.1.2995 h1:bbScwAVdLqHKwugEehvRi8HxQh5n9kRi9jo7DoUh7mk=
golang.conradwood.net/apis/registry v1.1.2995/go.mod h1:kngSglgBx9qyqRmvbwkwUcqmaTQNtn8Ya2Et7V/tTho=
golang.conradwood.net/go-easyops v0.1.28515 h1:IUE71HRftS2k6HgUcTVVPOPLYEGlaM7gwFUsUxMzLmo=
golang.conradwood.net/go-easyops v0.1.28515/go.mod h1:02KmReDa6G8sTKCcP6Wc8mhh4FVVDgDVNqDBDzvEtn4=
golang.org/x/net v0.27.0 h1:5K3Njcw06/l2y9vpGCSdcxWOYHOUk3dVNGDXN+FvAys=
golang.org/x/net v0.27.0/go.mod h1:dDi0PyhWNoiUOrAS8uXv/vnScO4wnHQO4mj9fn/RytE=
golang.org/x/net v0.28.0 h1:a9JDOJc5GMUJ0+UDqmLT86WiEy7iWyIhz8gz8E4e5hE=
golang.org/x/net v0.28.0/go.mod h1:yqtgsTWOOnlGLG9GFRrK3++bGOUEkNBoHZc8MEDWPNg=
golang.org/x/sys v0.22.0 h1:RI27ohtqKCnwULzJLqkv897zojh5/DwS/ENaMzUOaWI=
golang.org/x/sys v0.22.0/go.mod h1:/VUhepiaJMQUp4+oa/7Zr1D23ma6VTLIYjOOTFZPUcA=
golang.org/x/sys v0.24.0 h1:Twjiwq9dn6R1fQcyiK+wQyHWfaz/BJB+YIpzU/Cv3Xg=
golang.org/x/sys v0.24.0/go.mod h1:/VUhepiaJMQUp4+oa/7Zr1D23ma6VTLIYjOOTFZPUcA=
golang.org/x/text v0.16.0 h1:a94ExnEXNtEwYLGJSIUxnWoxoRz/ZcCsV63ROupILh4=
golang.org/x/text v0.16.0/go.mod h1:GhwF1Be+LQoKShO3cGOHzqOgRrGaYc9AvblQOmPVHnI=
golang.org/x/text v0.17.0 h1:XtiM5bkSOt+ewxlOE/aE/AKEHibwj/6gvWMl9Rsh0Qc=
golang.org/x/text v0.17.0/go.mod h1:BuEKDfySbSR4drPmRPG/7iBdf8hvFMuRexcpahXilzY=
golang.yacloud.eu/apis/autodeployer2 v1.1.2897 h1:3nds5+4d7DGIQmI5tQDNeZQCJTYiHmRpi6sxK7RX6yI=
golang.yacloud.eu/apis/autodeployer2 v1.1.2897/go.mod h1:AqC+ISk34OzNT1uHz5w/RvOwqLd7XyKCfgzZZ/8vedY=
golang.yacloud.eu/apis/autodeployer2 v1.1.2990 h1:fWyEUYxKecwLo3PaedWwyxas+XcbcLolLop2+kRHMt4=
golang.yacloud.eu/apis/autodeployer2 v1.1.2990/go.mod h1:PQ+enfqHchclBHX2HBnURdUJsxSvNSyfO5gW7EQqXrU=
golang.yacloud.eu/apis/fscache v1.1.2897 h1:CVqvmToI4juR7e1BCjYWDOjOUQaVq0hemtZfF1MCAPw=
golang.yacloud.eu/apis/fscache v1.1.2897/go.mod h1:G6DgJiHQRdl4OFcr+4ADNQIk33fwKQ7Ff1UUltTa2HQ=
golang.yacloud.eu/apis/fscache v1.1.2990 h1:QfkDjRBedvW4XugtyqhIlAWzIwNcsLN/myUf0sJVlRs=
golang.yacloud.eu/apis/fscache v1.1.2990/go.mod h1:uznu8RrtquHXkkCdUKyqxfYMjiP/WGiUSckKQl916oA=
golang.yacloud.eu/apis/fscache v1.1.2995 h1:ANxbj5i7lkw5cr/sWSQJ13bIfjOFTs+WyT9Mmy8VdUc=
golang.yacloud.eu/apis/fscache v1.1.2995/go.mod h1:MBlgUDFS7R6p7NSRDOU9a4WtxSNNJYvaty5P3SphhJU=
golang.yacloud.eu/apis/protomanager v1.1.2995 h1:O1L4d1+AxGB2De5JpTGOjbGZ4S1AETM3blyr1HhZJSc=
golang.yacloud.eu/apis/protomanager v1.1.2995/go.mod h1:DZn0pBqv+uMqG6imkqPwXIK0yjCw1QtsRjyobxtmBdA=
golang.yacloud.eu/apis/session v1.1.2956 h1:iDcCH5vDj180DB3Sl8KYraAm8IGx+tZ7XerfUGNfO8U=
golang.yacloud.eu/apis/session v1.1.2956/go.mod h1:jWMz0KOlzpONw1OHqWbNzPd2hFPa1OcXpTgpVYdFEBs=
golang.yacloud.eu/apis/session v1.1.2990 h1:aXbq0pfZ94nMb4s/fdfzWONTWSlJq4CIE1aS4dk7dL0=
golang.yacloud.eu/apis/session v1.1.2990/go.mod h1:sZJD69WDyc4P5QEhbvzNBvKx7AKu416xvp2id09kgEg=
golang.yacloud.eu/apis/session v1.1.2995 h1:HIEtZ5bpCPWyVlZlNTm8kFAvg8t6iEbcVbQtzyDnTVQ=
golang.yacloud.eu/apis/session v1.1.2995/go.mod h1:fw99RapPGnl5dj4GBLEaEY8czW5zOeGIJ8BFmkkFYZ4=
golang.yacloud.eu/apis/unixipc v1.1.2878 h1:STtmGkrGw4Zo+v+JK5tB84g0gcmZTMcS7759RGX6+RA=
golang.yacloud.eu/apis/unixipc v1.1.2878/go.mod h1:2b/mJ+0z5S+tPqmzDM5XjPdsHpx6RHIEOGOMLYiYsYA=
golang.yacloud.eu/apis/unixipc v1.1.2990 h1:k4QxpO6ZltsUE8pAw4NcyLX6ZOL0ZF04VlFtvJKk+bo=
golang.yacloud.eu/apis/unixipc v1.1.2990/go.mod h1:hy18VxRSAeLirhetK5mNBVMMTZ8UpDbRBmVpz9QvTyY=
golang.yacloud.eu/apis/urlcacher v1.1.2878 h1:eoDlvDMaaI2oXQVK7sEAiNUeihRO6ig653cAw78QYlw=
golang.yacloud.eu/apis/urlcacher v1.1.2878/go.mod h1:diMCZjJzOnCVALlNrCLTYRIPtwfVaZ46yshPk2/KIOY=
golang.yacloud.eu/apis/urlcacher v1.1.2990 h1:InqmtAmfexbhUHDtjwAy1Fqa6xmcnF3ft3tk2NTPOu8=
golang.yacloud.eu/apis/urlcacher v1.1.2990/go.mod h1:QfzhBaEQTQz2cb4/820b4UVeFSUNqdhuVpWiZhAJBPg=
golang.yacloud.eu/unixipc v0.1.26120 h1:uIHAa9AaUvaqPkFWxqSJNA597zXx93TrHDxOtS7H3PE=
golang.yacloud.eu/unixipc v0.1.26120/go.mod h1:BboKEBCyQzeXbtXowwSLV9U+wI32wq49ZVs72+uO/ZI=
golang.yacloud.eu/unixipc v0.1.26852 h1:bKxdKQVBTcuzgPuUv0ZUHui44Ys3KY+gOBTQ5m5S60s=
golang.yacloud.eu/unixipc v0.1.26852/go.mod h1:BboKEBCyQzeXbtXowwSLV9U+wI32wq49ZVs72+uO/ZI=
google.golang.org/genproto/googleapis/rpc v0.0.0-20240528184218-531527333157 h1:Zy9XzmMEflZ/MAaA7vNcoebnRAld7FsPW1EeBB7V0m8=
google.golang.org/genproto/googleapis/rpc v0.0.0-20240528184218-531527333157/go.mod h1:EfXuqaE1J41VCDicxHzUDm+8rk+7ZdXzHV0IhO/I6s0=
google.golang.org/grpc v1.65.0 h1:bs/cUb4lp1G5iImFFd3u5ixQzweKizoZJAwBNLR42lc=
google.golang.org/grpc v1.65.0/go.mod h1:WgYC2ypjlB0EiQi6wdKixMqukr6lBc0Vo+oOgjrM5ZQ=
google.golang.org/protobuf v1.34.2 h1:6xV6lTsCfpGD21XK49h7MhtcApnLqkfYgPcdHftf6hg=
google.golang.org/protobuf v1.34.2/go.mod h1:qYOHts0dSfpeUzUFpOMr/WGzszTmLH+DiWniOlNbLDw=
gopkg.in/check.v1 v0.0.0-20161208181325-20d25e280405/go.mod h1:Co6ibVJAznAaIkqp8huTwlJQCZ016jof/cbN4VW5Yz0=
gopkg.in/check.v1 v1.0.0-20201130134442-10cb98267c6c h1:Hei/4ADfdWqJk1ZMxUNpqntNwaWcugrBjAiHlqqRiVk=
gopkg.in/check.v1 v1.0.0-20201130134442-10cb98267c6c/go.mod h1:JHkPIbrfpd72SG/EVd6muEfDQjcINNoR0C8j2r3qZ4Q=
gopkg.in/yaml.v2 v2.4.0 h1:D8xgwECY7CYvx+Y2n4sBz93Jn9JRvxdiyyo8CTfuKaY=
gopkg.in/yaml.v2 v2.4.0/go.mod h1:RDklbk79AGWmwhnvt/jBztapEOGDOx6ZbXqjP6csGnQ=
gopkg.in/yaml.v3 v3.0.1 h1:fxVm/GzAzEWqLHuvctI91KS9hhNmmWOoWu0XTYJS7CA=
gopkg.in/yaml.v3 v3.0.1/go.mod h1:K4uyk7z7BCEPqu6E+C64Yfv1cQ7kz7rIZviUmN+EgEM=
