github.com/beorn7/perks v1.0.1 h1:VlbKKnNfV8bJzeqoa4cOKqO6bYr3WgKZxO8Z16+hsOM=
github.com/beorn7/perks v1.0.1/go.mod h1:G2ZrVWU2WbWT9wwq4/hrbKbnv/1ERSJQ0ibhJ6rlkpw=
github.com/cespare/xxhash/v2 v2.2.0 h1:DC2CZ1Ep5Y4k3ZQ899DldepgrayRUGE6BBZ/cd9Cj44=
github.com/cespare/xxhash/v2 v2.2.0/go.mod h1:VGX0DQ3Q6kWi7AoAeZDth3/j3BFtOZR5XLFGgcrjCOs=
github.com/davecgh/go-spew v1.1.1 h1:vj9j/u1bqnvCEfJOwUhtlOARqs3+rkHYY13jYWTU97c=
github.com/dustin/go-humanize v1.0.1 h1:GzkhY7T5VNhEkwH0PVJgjz+fX1rhBrR7pRT3mDkpeCY=
github.com/dustin/go-humanize v1.0.1/go.mod h1:Mu1zIs6XwVuF/gI1OepvI0qD18qycQx+mFykh5fBlto=
github.com/golang/protobuf v1.2.0/go.mod h1:6lQm79b+lXiMfvg/cZm0SGofjICqVBUtrP5yJMmIC1U=
github.com/golang/protobuf v1.5.4 h1:i7eJL8qZTpSEXOPTxNKhASYpMn+8e5Q6AdndVa1dWek=
github.com/golang/protobuf v1.5.4/go.mod h1:lnTiLA8Wa4RWRcIUkrtSVa5nRhsEGBg48fD6rSs7xps=
github.com/google/go-cmp v0.6.0 h1:ofyhxvXcZhMsU5ulbFiLKl/XBFqE1GSq7atu8tAmTRI=
github.com/grafana/pyroscope-go v1.1.1 h1:PQoUU9oWtO3ve/fgIiklYuGilvsm8qaGhlY4Vw6MAcQ=
github.com/grafana/pyroscope-go v1.1.1/go.mod h1:Mw26jU7jsL/KStNSGGuuVYdUq7Qghem5P8aXYXSXG88=
github.com/grafana/pyroscope-go/godeltaprof v0.1.6 h1:nEdZ8louGAplSvIJi1HVp7kWvFvdiiYg3COLlTwJiFo=
github.com/grafana/pyroscope-go/godeltaprof v0.1.6/go.mod h1:Tk376Nbldo4Cha9RgiU7ik8WKFkNpfds98aUzS8omLE=
github.com/klauspost/compress v1.17.3 h1:qkRjuerhUU1EmXLYGkSH6EZL+vPSxIrYjLNAK4slzwA=
github.com/klauspost/compress v1.17.3/go.mod h1:/dCuZOvVtNoHsyb+cuJD3itjs3NbnF6KH9zAO4BDxPM=
github.com/kr/pretty v0.3.1 h1:flRD4NNwYAUpkphVc1HcthR4KEIFJ65n8Mw5qdRn3LE=
github.com/kr/text v0.2.0 h1:5Nx0Ya0ZqY2ygV366QzturHI13Jq95ApcVaJBhpS+AY=
github.com/lib/pq v1.10.9 h1:YXG7RB+JIjhP29X+OtkiDnYaXQwpS4JEWq7dtCCRUEw=
github.com/lib/pq v1.10.9/go.mod h1:AlVN5x4E4T544tWzH6hKfbfQvm3HdbOxrmggDNAPY9o=
github.com/matttproud/golang_protobuf_extensions v1.0.4 h1:mmDVorXM7PCGKw94cs5zkfA9PSy5pEvNWRP0ET0TIVo=
github.com/matttproud/golang_protobuf_extensions v1.0.4/go.mod h1:BSXmuO+STAnVfrANrmjBb36TMTDstsz7MSK+HVaYKv4=
github.com/prometheus/client_golang v1.17.0 h1:rl2sfwZMtSthVU752MqfjQozy7blglC+1SOtjMAMh+Q=
github.com/prometheus/client_golang v1.17.0/go.mod h1:VeL+gMmOAxkS2IqfCq0ZmHSL+LjWfWDUmp1mBz9JgUY=
github.com/prometheus/client_model v0.5.0 h1:VQw1hfvPvk3Uv6Qf29VrPF32JB6rtbgI6cYPYQjL0Qw=
github.com/prometheus/client_model v0.5.0/go.mod h1:dTiFglRmd66nLR9Pv9f0mZi7B7fk5Pm3gvsjB5tr+kI=
github.com/prometheus/common v0.44.0 h1:+5BrQJwiBB9xsMygAB3TNvpQKOwlkc25LbISbrdOOfY=
github.com/prometheus/common v0.44.0/go.mod h1:ofAIvZbQ1e/nugmZGz4/qCb9Ap1VoSTIO7x0VV9VvuY=
github.com/prometheus/procfs v0.12.0 h1:jluTpSng7V9hY0O2R9DzzJHYb2xULk9VTR1V1R/k6Bo=
github.com/prometheus/procfs v0.12.0/go.mod h1:pcuDEFsWDnvcgNzo4EEweacyhjeA9Zk3cnaOZAZEfOo=
github.com/rogpeppe/go-internal v1.10.0 h1:TMyTOH3F/DB16zRVcYyreMH6GnZZrwQVAoYjRBZyWFQ=
golang.conradwood.net/apis/auth v1.1.2873 h1:FPo4ZTVRkrdz0+d477BdXCtQSj6n72l0Gr3vnStJaFk=
golang.conradwood.net/apis/auth v1.1.2873/go.mod h1:1fWt95va09dB4pcYFlCGjJC3sPVRJrk2GhLRMnlph9s=
golang.conradwood.net/apis/autodeployer v1.1.2643 h1:NE4yM3E1a35sVifpRu5IGgcPgTIeDjepuuDYZNNHBpM=
golang.conradwood.net/apis/autodeployer v1.1.2643/go.mod h1:eCrnGaLPsmraHj2xVE437vg09mTbr3tWC1gf2btZrns=
golang.conradwood.net/apis/common v1.1.2873 h1:3bC36HBxqH7hMyM5wwvVqD9Smd5lOoOaYS0do0BT2AY=
golang.conradwood.net/apis/common v1.1.2873/go.mod h1:gpq5viT1uXRmHI8ZWTX0BS3frkXAMYiAOqryOzkfEJQ=
golang.conradwood.net/apis/deploymonkey v1.1.2643 h1:rL2iH9WU8QI8i6r7uIqtTooUiY+ePKz6FPWHGh+catY=
golang.conradwood.net/apis/deploymonkey v1.1.2643/go.mod h1:jzrrPJGuBS04dh1aH5cKcU6jlD8++eEGV+4mJ3FpCBo=
golang.conradwood.net/apis/echoservice v1.1.2643 h1:NOsricEAP2Rb/mW5HktoIa+Py7/QkJkz4mSKkqZAERo=
golang.conradwood.net/apis/echoservice v1.1.2643/go.mod h1:lbmyZ3AjimLtglge+psHk0oHgdmqSe/D1tnl3WaPyaU=
golang.conradwood.net/apis/errorlogger v1.1.2643 h1:V5725nLUNi8wrtr4hGhBKyPjjr57Pws/INylrzb+3Rc=
golang.conradwood.net/apis/errorlogger v1.1.2643/go.mod h1:dOfOk5TK4qeGgoUfp+dSXGF7evtkzVrcUT0F9Xi97R8=
golang.conradwood.net/apis/framework v1.1.2643 h1:jWYzZfkTkHEJq8+TQQkE8WxG5DngndbHurtlWz+w/LU=
golang.conradwood.net/apis/framework v1.1.2643/go.mod h1:FP2vJJd3vggfp6gnl+6qlxuyNC4DMmLFhJOx8kG60E4=
golang.conradwood.net/apis/goeasyops v1.1.2873 h1:Fzq24zFVL7sig1vGWw0ZwcNDOQ8diMhiR/ikmTx9EW8=
golang.conradwood.net/apis/goeasyops v1.1.2873/go.mod h1:1JLstFkERctLCrst42G/IkX/HRmDQz65Jui5blnPTvM=
golang.conradwood.net/apis/h2gproxy v1.1.2643 h1:lteiW0J/piovcOLjWZgQQnwmfQsgtRmN7jBlB8AmbuE=
golang.conradwood.net/apis/h2gproxy v1.1.2643/go.mod h1:qTG2sYOdMpPjNuhYPCpDlJ3DDfmrO2l4TzIplSW+BsE=
golang.conradwood.net/apis/ipmanager v1.1.2643 h1:zXBgnmIWYrRpmsELfGcEsqsdPIfL0Sz9Ne0TvJ1l/vk=
golang.conradwood.net/apis/ipmanager v1.1.2643/go.mod h1:RIrtUVZxqMOPCv2/C2tyUNQUr5Gt73J3RY2hr2HpUpI=
golang.conradwood.net/apis/objectauth v1.1.2643 h1:AIotW0whwaFjscBxuie0/Qo2dH1S5xNNg4vW9KePzSw=
golang.conradwood.net/apis/objectauth v1.1.2643/go.mod h1:HspYKKHpXUqoytS95pBGwDlTEUIPm0SRUPB7Bm+j2Sc=
golang.conradwood.net/apis/objectstore v1.1.2643 h1:yz5V8lFUyhBOK4foRq4PsjQpj6nOqw7N78D90YpuRTw=
golang.conradwood.net/apis/objectstore v1.1.2643/go.mod h1:DTnL7t0CFxoVLaxS0o9vHAJeUKBpI14CtPjnxLn2Z50=
golang.conradwood.net/apis/protorenderer v1.1.2643 h1:gFkP04oRZea+aXx2TIRgCzLAtfF/m+12uBdAj8ajSTU=
golang.conradwood.net/apis/protorenderer v1.1.2643/go.mod h1:v+DLyYsPFXf4wh9ce954lXAnO5+MuX9HL1oaMVZEZCc=
golang.conradwood.net/apis/registry v1.1.2643 h1:ip8m2TjsY+JR+klZfhAMiv5gIQlFlaYTqu1Qded6uDY=
golang.conradwood.net/apis/registry v1.1.2643/go.mod h1:I7P/RblQw9vM9EyWo+t2SsezV/SGGXQnW2Dx4yVwiFI=
golang.conradwood.net/go-easyops v0.1.25902 h1:N2aoaWXJBm+PZwW8JEki7EzdCjbl0QlErFfAH23DSg4=
golang.conradwood.net/go-easyops v0.1.25902/go.mod h1:DR0Yd9eyusrfO/qOXirQH5oiHQ0gpo97iTMN06qXQ1E=
golang.org/x/net v0.22.0 h1:9sGLhx7iRIHEiX0oAJ3MRZMUCElJgy7Br1nO+AMN3Tc=
golang.org/x/net v0.22.0/go.mod h1:JKghWKKOSdJwpW2GEx0Ja7fmaKnMsbu+MWVZTokSYmg=
golang.org/x/sync v0.0.0-20181221193216-37e7f081c4d4/go.mod h1:RxMgew5VJxzue5/jJTE5uejpjVlOe/izrB70Jof72aM=
golang.org/x/sys v0.18.0 h1:DBdB3niSjOA/O0blCZBqDefyWNYveAYMNF1Wum0DYQ4=
golang.org/x/sys v0.18.0/go.mod h1:/VUhepiaJMQUp4+oa/7Zr1D23ma6VTLIYjOOTFZPUcA=
golang.org/x/text v0.14.0 h1:ScX5w1eTa3QqT8oi6+ziP7dTV1S2+ALU0bI+0zXKWiQ=
golang.org/x/text v0.14.0/go.mod h1:18ZOQIKpY8NJVqYksKHtTdi31H5itFRjB5/qKTNYzSU=
golang.yacloud.eu/apis/fscache v1.1.2643 h1:RqM3r3U9JI2pK9I2ZokutND4HHDn2aOMaEaY2o6QQfk=
golang.yacloud.eu/apis/fscache v1.1.2643/go.mod h1:GqKuK/H1t4b+HKCBbu3Ey1WxohDU5RrPpNAxY9s01Hw=
golang.yacloud.eu/apis/session v1.1.2873 h1:0ijz9Ca0h8DtQ7xdDtmimU8hqfm0kVPkHwNNtaspiWQ=
golang.yacloud.eu/apis/session v1.1.2873/go.mod h1:L54WO6RzQhvNPyow7FwhfqPXnQEA2bXIFIa27lCNOu8=
golang.yacloud.eu/apis/urlcacher v1.1.2643 h1:IOc+fMop9Yj3oarn91nsvwtlz5TXxpw6BNX+i7DlG+M=
golang.yacloud.eu/apis/urlcacher v1.1.2643/go.mod h1:bjRGeCBAEgwmHJoiCqiI/wTmi8rYyNSYgT5G/8ZtegQ=
google.golang.org/genproto/googleapis/rpc v0.0.0-20240123012728-ef4313101c80 h1:AjyfHzEPEFp/NpvfN5g+KDla3EMojjhRVZc1i7cj+oM=
google.golang.org/genproto/googleapis/rpc v0.0.0-20240123012728-ef4313101c80/go.mod h1:PAREbraiVEVGVdTZsVWjSbbTtSyGbAgIIvni8a8CD5s=
google.golang.org/grpc v1.62.1 h1:B4n+nfKzOICUXMgyrNd19h/I9oH0L1pizfk1d4zSgTk=
google.golang.org/grpc v1.62.1/go.mod h1:IWTG0VlJLCh1SkC58F7np9ka9mx/WNkjl4PGJaiq+QE=
google.golang.org/protobuf v1.33.0 h1:uNO2rsAINq/JlFpSdYEKIZ0uKD/R9cpdv0T+yoGwGmI=
google.golang.org/protobuf v1.33.0/go.mod h1:c6P6GXX6sHbq/GpV6MGZEdwhWPcYBgnhAHhKbcUYpos=
gopkg.in/check.v1 v0.0.0-20161208181325-20d25e280405/go.mod h1:Co6ibVJAznAaIkqp8huTwlJQCZ016jof/cbN4VW5Yz0=
gopkg.in/check.v1 v1.0.0-20201130134442-10cb98267c6c h1:Hei/4ADfdWqJk1ZMxUNpqntNwaWcugrBjAiHlqqRiVk=
gopkg.in/yaml.v2 v2.4.0 h1:D8xgwECY7CYvx+Y2n4sBz93Jn9JRvxdiyyo8CTfuKaY=
gopkg.in/yaml.v2 v2.4.0/go.mod h1:RDklbk79AGWmwhnvt/jBztapEOGDOx6ZbXqjP6csGnQ=
gopkg.in/yaml.v3 v3.0.1 h1:fxVm/GzAzEWqLHuvctI91KS9hhNmmWOoWu0XTYJS7CA=
gopkg.in/yaml.v3 v3.0.1/go.mod h1:K4uyk7z7BCEPqu6E+C64Yfv1cQ7kz7rIZviUmN+EgEM=
